
Microsoft Visual Studio Solution File, Format Version 12.00
# Visual Studio 15
Project("{FAE04EC0-301F-11D3-BF4B-00C04F79EFBC}") = "MultiplayerFPS.Plugins", "MultiplayerFPS.Plugins.csproj", "{F964B250-5F15-313B-EFC5-5017E9B681A4}"
EndProject
Project("{FAE04EC0-301F-11D3-BF4B-00C04F79EFBC}") = "MultiplayerFPS", "MultiplayerFPS.csproj", "{7A43467E-7C34-A048-C6C1-C01DD9CDDA87}"
EndProject
Project("{FAE04EC0-301F-11D3-BF4B-00C04F79EFBC}") = "MultiplayerFPS.Editor.Plugins", "MultiplayerFPS.Editor.Plugins.csproj", "{B9C73132-6866-61CD-2000-6307D4506374}"
EndProject
Global
	GlobalSection(SolutionConfigurationPlatforms) = preSolution
		Debug|Any CPU = Debug|Any CPU
		Release|Any CPU = Release|Any CPU
	EndGlobalSection
	GlobalSection(ProjectConfigurationPlatforms) = postSolution
		{F964B250-5F15-313B-EFC5-5017E9B681A4}.Debug|Any CPU.ActiveCfg = Debug|Any CPU
		{F964B250-5F15-313B-EFC5-5017E9B681A4}.Debug|Any CPU.Build.0 = Debug|Any CPU
		{F964B250-5F15-313B-EFC5-5017E9B681A4}.Release|Any CPU.ActiveCfg = Release|Any CPU
		{F964B250-5F15-313B-EFC5-5017E9B681A4}.Release|Any CPU.Build.0 = Release|Any CPU
		{7A43467E-7C34-A048-C6C1-C01DD9CDDA87}.Debug|Any CPU.ActiveCfg = Debug|Any CPU
		{7A43467E-7C34-A048-C6C1-C01DD9CDDA87}.Debug|Any CPU.Build.0 = Debug|Any CPU
		{7A43467E-7C34-A048-C6C1-C01DD9CDDA87}.Release|Any CPU.ActiveCfg = Release|Any CPU
		{7A43467E-7C34-A048-C6C1-C01DD9CDDA87}.Release|Any CPU.Build.0 = Release|Any CPU
		{B9C73132-6866-61CD-2000-6307D4506374}.Debug|Any CPU.ActiveCfg = Debug|Any CPU
		{B9C73132-6866-61CD-2000-6307D4506374}.Debug|Any CPU.Build.0 = Debug|Any CPU
		{B9C73132-6866-61CD-2000-6307D4506374}.Release|Any CPU.ActiveCfg = Release|Any CPU
		{B9C73132-6866-61CD-2000-6307D4506374}.Release|Any CPU.Build.0 = Release|Any CPU
	EndGlobalSection
	GlobalSection(SolutionProperties) = preSolution
		HideSolutionNode = FALSE
	EndGlobalSection
EndGlobal
